
Microsoft Visual Studio Solution File, Format Version 12.00
# Visual Studio Version 16
VisualStudioVersion = 16.0.29709.97
MinimumVisualStudioVersion = 10.0.40219.1
Project("{9A19103F-16F7-4668-BE54-9A1E7A4F7556}") = "WebApi", "WebApi\WebApi.csproj", "{D55BEEB8-D2D3-4E04-9561-AB71F6CD5898}"
	ProjectSection(ProjectDependencies) = postProject
		{4A9BF79B-9C7A-4BCC-8609-F846BC8FA91F} = {4A9BF79B-9C7A-4BCC-8609-F846BC8FA91F}
	EndProjectSection
EndProject
Project("{9A19103F-16F7-4668-BE54-9A1E7A4F7556}") = "BLL", "BLL\BLL.csproj", "{4A9BF79B-9C7A-4BCC-8609-F846BC8FA91F}"
EndProject
Project("{9A19103F-16F7-4668-BE54-9A1E7A4F7556}") = "DAL", "DAL\DAL.csproj", "{A6404592-5BD4-42D5-BED1-7053B97BF259}"
EndProject
Global
	GlobalSection(SolutionConfigurationPlatforms) = preSolution
		Debug|Any CPU = Debug|Any CPU
		Release|Any CPU = Release|Any CPU
	EndGlobalSection
	GlobalSection(ProjectConfigurationPlatforms) = postSolution
		{D55BEEB8-D2D3-4E04-9561-AB71F6CD5898}.Debug|Any CPU.ActiveCfg = Debug|Any CPU
		{D55BEEB8-D2D3-4E04-9561-AB71F6CD5898}.Debug|Any CPU.Build.0 = Debug|Any CPU
		{D55BEEB8-D2D3-4E04-9561-AB71F6CD5898}.Release|Any CPU.ActiveCfg = Release|Any CPU
		{D55BEEB8-D2D3-4E04-9561-AB71F6CD5898}.Release|Any CPU.Build.0 = Release|Any CPU
		{4A9BF79B-9C7A-4BCC-8609-F846BC8FA91F}.Debug|Any CPU.ActiveCfg = Debug|Any CPU
		{4A9BF79B-9C7A-4BCC-8609-F846BC8FA91F}.Debug|Any CPU.Build.0 = Debug|Any CPU
		{4A9BF79B-9C7A-4BCC-8609-F846BC8FA91F}.Release|Any CPU.ActiveCfg = Release|Any CPU
		{4A9BF79B-9C7A-4BCC-8609-F846BC8FA91F}.Release|Any CPU.Build.0 = Release|Any CPU
		{A6404592-5BD4-42D5-BED1-7053B97BF259}.Debug|Any CPU.ActiveCfg = Debug|Any CPU
		{A6404592-5BD4-42D5-BED1-7053B97BF259}.Debug|Any CPU.Build.0 = Debug|Any CPU
		{A6404592-5BD4-42D5-BED1-7053B97BF259}.Release|Any CPU.ActiveCfg = Release|Any CPU
		{A6404592-5BD4-42D5-BED1-7053B97BF259}.Release|Any CPU.Build.0 = Release|Any CPU
	EndGlobalSection
	GlobalSection(SolutionProperties) = preSolution
		HideSolutionNode = FALSE
	EndGlobalSection
	GlobalSection(ExtensibilityGlobals) = postSolution
		SolutionGuid = {B260ED01-D4DF-4A32-8E34-171B7789403E}
	EndGlobalSection
EndGlobal
